
Microsoft Visual Studio Solution File, Format Version 12.00
# Visual Studio Version 16
VisualStudioVersion = 16.0.30503.244
MinimumVisualStudioVersion = 10.0.40219.1
Project("{FAE04EC0-301F-11D3-BF4B-00C04F79EFBC}") = "HashtableLookup", "HashtableLookup.csproj", "{1A051748-6298-43B4-942E-08D059BAF163}"
EndProject
Global
	GlobalSection(SolutionConfigurationPlatforms) = preSolution
		Debug|Any CPU = Debug|Any CPU
		Release|Any CPU = Release|Any CPU
	EndGlobalSection
	GlobalSection(ProjectConfigurationPlatforms) = postSolution
		{1A051748-6298-43B4-942E-08D059BAF163}.Debug|Any CPU.ActiveCfg = Debug|Any CPU
		{1A051748-6298-43B4-942E-08D059BAF163}.Debug|Any CPU.Build.0 = Debug|Any CPU
		{1A051748-6298-43B4-942E-08D059BAF163}.Release|Any CPU.ActiveCfg = Release|Any CPU
		{1A051748-6298-43B4-942E-08D059BAF163}.Release|Any CPU.Build.0 = Release|Any CPU
	EndGlobalSection
	GlobalSection(SolutionProperties) = preSolution
		HideSolutionNode = FALSE
	EndGlobalSection
	GlobalSection(ExtensibilityGlobals) = postSolution
		SolutionGuid = {4CEE1428-C3FA-4143-A9DE-B0930A30FC8B}
	EndGlobalSection
EndGlobal
